
Microsoft Visual Studio Solution File, Format Version 12.00
# Visual Studio Version 17
VisualStudioVersion = 17.11.35303.130
MinimumVisualStudioVersion = 10.0.40219.1
Project("{2150E333-8FDC-42A3-9474-1A3956D46DE8}") = "Task0", "Task0", "{50565A54-C4AB-4AAF-8614-7E59F57915F0}"
EndProject
Project("{9A19103F-16F7-4668-BE54-9A1E7A4F7556}") = "Tyuiu.AidemirAF.Sprint2.Task0.V1", "Tyuiu.AidemirAF.Sprint2.Task0.V1\Tyuiu.AidemirAF.Sprint2.Task0.V1.csproj", "{D1E1DEFA-70F9-4623-80E0-B57B2AA8003E}"
EndProject
Project("{9A19103F-16F7-4668-BE54-9A1E7A4F7556}") = "Tyuiu.AidemirAF.Sprint2.Task0.V1.Lib", "Tyuiu.AidemirAF.Sprint2.Task0.V1.Lib\Tyuiu.AidemirAF.Sprint2.Task0.V1.Lib.csproj", "{B295D7BD-242E-4C5D-97B7-E40524EC5031}"
EndProject
Project("{9A19103F-16F7-4668-BE54-9A1E7A4F7556}") = "Tyuiu.AidemirAF.Sprint2.Task0.V1.Test", "Tyuiu.AidemirAF.Sprint2.Task0.V1.Test\Tyuiu.AidemirAF.Sprint2.Task0.V1.Test.csproj", "{C8F4488C-8AC0-4C0A-8D93-DC9BD8304740}"
EndProject
Project("{2150E333-8FDC-42A3-9474-1A3956D46DE8}") = "Task1", "Task1", "{D7F9AC70-2E65-4471-AA80-B3DE7E1A88F3}"
EndProject
Project("{9A19103F-16F7-4668-BE54-9A1E7A4F7556}") = "Tyuiu.AidemirAF.Sprint2.Task1.V18", "Tyuiu.AidemirAF.Sprint2.Task1.V18\Tyuiu.AidemirAF.Sprint2.Task1.V18.csproj", "{72F24F74-FDCE-46F9-8696-D8E28C08DD48}"
EndProject
Project("{9A19103F-16F7-4668-BE54-9A1E7A4F7556}") = "Tyuiu.AidemirAF.Sprint2.Task1.V18.Lib", "Tyuiu.AidemirAF.Sprint2.Task1.V18.Lib\Tyuiu.AidemirAF.Sprint2.Task1.V18.Lib.csproj", "{78432F65-1EE6-4C77-9A60-BD1000EB6022}"
EndProject
Project("{9A19103F-16F7-4668-BE54-9A1E7A4F7556}") = "Tyuiu.AidemirAF.Sprint2.Task1.V18.Test", "Tyuiu.AidemirAF.Sprint2.Task1.V18.Test\Tyuiu.AidemirAF.Sprint2.Task1.V18.Test.csproj", "{3FAC9110-9C6B-4F5A-9396-DD674DA92699}"
EndProject
Project("{2150E333-8FDC-42A3-9474-1A3956D46DE8}") = "Task2", "Task2", "{03FC5E01-161F-4ABD-BEC0-AC342E69D670}"
EndProject
Project("{9A19103F-16F7-4668-BE54-9A1E7A4F7556}") = "Tyuiu.AidemirAF.Sprint2.Task2.V4", "Tyuiu.AidemirAF.Sprint2.Task2.V4\Tyuiu.AidemirAF.Sprint2.Task2.V4.csproj", "{66C859B4-3582-4EE0-B72E-226882C73C9C}"
EndProject
Project("{9A19103F-16F7-4668-BE54-9A1E7A4F7556}") = "Tyuiu.AidemirAF.Sprint2.Task2.V4.Lib", "Tyuiu.AidemirAF.Sprint2.Task2.V4.Lib\Tyuiu.AidemirAF.Sprint2.Task2.V4.Lib.csproj", "{D0489D09-464A-4DF7-AE27-D16AAB33DC7A}"
EndProject
Project("{9A19103F-16F7-4668-BE54-9A1E7A4F7556}") = "Tyuiu.AidemirAF.Sprint2.Task2.V4.Test", "Tyuiu.AidemirAF.Sprint2.Task2.V4.Test\Tyuiu.AidemirAF.Sprint2.Task2.V4.Test.csproj", "{8387DF03-728A-4854-BD21-285F8713DDCF}"
EndProject
Project("{2150E333-8FDC-42A3-9474-1A3956D46DE8}") = "Task3", "Task3", "{A4C252DD-5635-4386-BD9D-08E888622D81}"
EndProject
Project("{9A19103F-16F7-4668-BE54-9A1E7A4F7556}") = "Tyuiu.AidemirAF.Sprint2.Task3.V1", "Tyuiu.AidemirAF.Sprint2.Task3.V1\Tyuiu.AidemirAF.Sprint2.Task3.V1.csproj", "{B961987F-792A-4ABE-9D2C-C7FED0774AE9}"
EndProject
Project("{9A19103F-16F7-4668-BE54-9A1E7A4F7556}") = "Tyuiu.AidemirAF.Sprint2.Task3.V1.Lib", "Tyuiu.AidemirAF.Sprint2.Task3.V1.Lib\Tyuiu.AidemirAF.Sprint2.Task3.V1.Lib.csproj", "{7DF167D1-E282-4294-92FF-ED1BA222FFBB}"
EndProject
Project("{9A19103F-16F7-4668-BE54-9A1E7A4F7556}") = "Tyuiu.AidemirAF.Sprint2.Task3.V1.Test", "Tyuiu.AidemirAF.Sprint2.Task3.V1.Test\Tyuiu.AidemirAF.Sprint2.Task3.V1.Test.csproj", "{76FE996B-0B8A-42A2-9576-F2F44F58CD56}"
EndProject
Project("{2150E333-8FDC-42A3-9474-1A3956D46DE8}") = "Task4", "Task4", "{B76F441D-32E6-4E2F-A4E9-AEFD32483BA7}"
EndProject
Project("{9A19103F-16F7-4668-BE54-9A1E7A4F7556}") = "Tyuiu.AidemirAF.Sprint2.Task4.V30", "Tyuiu.AidemirAF.Sprint2.Task4.V30\Tyuiu.AidemirAF.Sprint2.Task4.V30.csproj", "{3860D42F-DC49-407C-87F9-D35067B9408C}"
EndProject
Project("{9A19103F-16F7-4668-BE54-9A1E7A4F7556}") = "Tyuiu.AidemirAF.Sprint2.Task4.V30.Lib", "Tyuiu.AidemirAF.Sprint2.Task4.V30.Lib\Tyuiu.AidemirAF.Sprint2.Task4.V30.Lib.csproj", "{5530DE39-D2F6-46F2-B2AC-8A4E3E449003}"
EndProject
Project("{9A19103F-16F7-4668-BE54-9A1E7A4F7556}") = "Tyuiu.AidemirAF.Sprint2.Task4.V30.Test", "Tyuiu.AidemirAF.Sprint2.Task4.V30.Test\Tyuiu.AidemirAF.Sprint2.Task4.V30.Test.csproj", "{909DAB3E-44E7-4CDC-87CA-DABC8F7B0811}"
EndProject
Project("{2150E333-8FDC-42A3-9474-1A3956D46DE8}") = "Task5", "Task5", "{D2DFFDC4-89B9-4FBE-A24D-046317B806B6}"
EndProject
Project("{9A19103F-16F7-4668-BE54-9A1E7A4F7556}") = "Tyuiu.AidemirAF.Sprint2.Task5.V6", "Tyuiu.AidemirAF.Sprint2.Task5.V6\Tyuiu.AidemirAF.Sprint2.Task5.V6.csproj", "{37A5DC63-875A-4E7E-9641-1A02A293FB0F}"
EndProject
Project("{9A19103F-16F7-4668-BE54-9A1E7A4F7556}") = "Tyuiu.AidemirAF.Sprint2.Task5.V6.Lib", "Tyuiu.AidemirAF.Sprint2.Task5.V6.Lib\Tyuiu.AidemirAF.Sprint2.Task5.V6.Lib.csproj", "{5D195875-B13E-4B5B-A1F9-80DAC04CFF37}"
EndProject
Project("{9A19103F-16F7-4668-BE54-9A1E7A4F7556}") = "Tyuiu.AidemirAF.Sprint2.Task5.V6.Test", "Tyuiu.AidemirAF.Sprint2.Task5.V6.Test\Tyuiu.AidemirAF.Sprint2.Task5.V6.Test.csproj", "{A24C56DF-0AC9-4D35-B544-FE87E69870E0}"
EndProject
Project("{2150E333-8FDC-42A3-9474-1A3956D46DE8}") = "Task6", "Task6", "{595836A3-276B-4788-B92A-EEA10707649B}"
EndProject
Project("{9A19103F-16F7-4668-BE54-9A1E7A4F7556}") = "Tyuiu.AidemirAF.Sprint2.Task6.V13", "Tyuiu.AidemirAF.Sprint2.Task6.V13\Tyuiu.AidemirAF.Sprint2.Task6.V13.csproj", "{4B91FCC6-9550-4D0B-809F-0A790EA602F4}"
EndProject
Project("{9A19103F-16F7-4668-BE54-9A1E7A4F7556}") = "Tyuiu.AidemirAF.Sprint2.Task6.V13.Lib", "Tyuiu.AidemirAF.Sprint2.Task6.V13.Lib\Tyuiu.AidemirAF.Sprint2.Task6.V13.Lib.csproj", "{E30D2BF8-EF4B-4271-B5C7-49B053172699}"
EndProject
Project("{9A19103F-16F7-4668-BE54-9A1E7A4F7556}") = "Tyuiu.AidemirAF.Sprint2.Task6.V13.Test", "Tyuiu.AidemirAF.Sprint2.Task6.V13.Test\Tyuiu.AidemirAF.Sprint2.Task6.V13.Test.csproj", "{D821CB55-67FC-4ACC-B0B9-D5905F51E5B9}"
EndProject
Project("{2150E333-8FDC-42A3-9474-1A3956D46DE8}") = "Task7", "Task7", "{3FA81C27-87EB-4652-B233-DE3B419DF840}"
EndProject
Project("{FAE04EC0-301F-11D3-BF4B-00C04F79EFBC}") = "Tyuiu.AidemirAF.Sprint2.Task7.V9", "Tyuiu.AidemirAF.Sprint2.Task7.V9\Tyuiu.AidemirAF.Sprint2.Task7.V9.csproj", "{E844DCE6-CEE3-466E-A60F-3049159E8CD0}"
EndProject
Project("{FAE04EC0-301F-11D3-BF4B-00C04F79EFBC}") = "Tyuiu.AidemirAF.Sprint2.Task7.V9.Lib", "Tyuiu.AidemirAF.Sprint2.Task7.V9.Lib\Tyuiu.AidemirAF.Sprint2.Task7.V9.Lib.csproj", "{90B285E4-D2B5-4377-BE73-3EA33FD73405}"
EndProject
Project("{FAE04EC0-301F-11D3-BF4B-00C04F79EFBC}") = "Tyuiu.AidemirAF.Sprint2.Task7.V9.Test", "Tyuiu.AidemirAF.Sprint2.Task7.V9.Test\Tyuiu.AidemirAF.Sprint2.Task7.V9.Test.csproj", "{C295E00C-4499-4058-A617-83293E3E6E6A}"
EndProject
Global
	GlobalSection(SolutionConfigurationPlatforms) = preSolution
		Debug|Any CPU = Debug|Any CPU
		Release|Any CPU = Release|Any CPU
	EndGlobalSection
	GlobalSection(ProjectConfigurationPlatforms) = postSolution
		{D1E1DEFA-70F9-4623-80E0-B57B2AA8003E}.Debug|Any CPU.ActiveCfg = Debug|Any CPU
		{D1E1DEFA-70F9-4623-80E0-B57B2AA8003E}.Debug|Any CPU.Build.0 = Debug|Any CPU
		{D1E1DEFA-70F9-4623-80E0-B57B2AA8003E}.Release|Any CPU.ActiveCfg = Release|Any CPU
		{D1E1DEFA-70F9-4623-80E0-B57B2AA8003E}.Release|Any CPU.Build.0 = Release|Any CPU
		{B295D7BD-242E-4C5D-97B7-E40524EC5031}.Debug|Any CPU.ActiveCfg = Debug|Any CPU
		{B295D7BD-242E-4C5D-97B7-E40524EC5031}.Debug|Any CPU.Build.0 = Debug|Any CPU
		{B295D7BD-242E-4C5D-97B7-E40524EC5031}.Release|Any CPU.ActiveCfg = Release|Any CPU
		{B295D7BD-242E-4C5D-97B7-E40524EC5031}.Release|Any CPU.Build.0 = Release|Any CPU
		{C8F4488C-8AC0-4C0A-8D93-DC9BD8304740}.Debug|Any CPU.ActiveCfg = Debug|Any CPU
		{C8F4488C-8AC0-4C0A-8D93-DC9BD8304740}.Debug|Any CPU.Build.0 = Debug|Any CPU
		{C8F4488C-8AC0-4C0A-8D93-DC9BD8304740}.Release|Any CPU.ActiveCfg = Release|Any CPU
		{C8F4488C-8AC0-4C0A-8D93-DC9BD8304740}.Release|Any CPU.Build.0 = Release|Any CPU
		{72F24F74-FDCE-46F9-8696-D8E28C08DD48}.Debug|Any CPU.ActiveCfg = Debug|Any CPU
		{72F24F74-FDCE-46F9-8696-D8E28C08DD48}.Debug|Any CPU.Build.0 = Debug|Any CPU
		{72F24F74-FDCE-46F9-8696-D8E28C08DD48}.Release|Any CPU.ActiveCfg = Release|Any CPU
		{72F24F74-FDCE-46F9-8696-D8E28C08DD48}.Release|Any CPU.Build.0 = Release|Any CPU
		{78432F65-1EE6-4C77-9A60-BD1000EB6022}.Debug|Any CPU.ActiveCfg = Debug|Any CPU
		{78432F65-1EE6-4C77-9A60-BD1000EB6022}.Debug|Any CPU.Build.0 = Debug|Any CPU
		{78432F65-1EE6-4C77-9A60-BD1000EB6022}.Release|Any CPU.ActiveCfg = Release|Any CPU
		{78432F65-1EE6-4C77-9A60-BD1000EB6022}.Release|Any CPU.Build.0 = Release|Any CPU
		{3FAC9110-9C6B-4F5A-9396-DD674DA92699}.Debug|Any CPU.ActiveCfg = Debug|Any CPU
		{3FAC9110-9C6B-4F5A-9396-DD674DA92699}.Debug|Any CPU.Build.0 = Debug|Any CPU
		{3FAC9110-9C6B-4F5A-9396-DD674DA92699}.Release|Any CPU.ActiveCfg = Release|Any CPU
		{3FAC9110-9C6B-4F5A-9396-DD674DA92699}.Release|Any CPU.Build.0 = Release|Any CPU
		{66C859B4-3582-4EE0-B72E-226882C73C9C}.Debug|Any CPU.ActiveCfg = Debug|Any CPU
		{66C859B4-3582-4EE0-B72E-226882C73C9C}.Debug|Any CPU.Build.0 = Debug|Any CPU
		{66C859B4-3582-4EE0-B72E-226882C73C9C}.Release|Any CPU.ActiveCfg = Release|Any CPU
		{66C859B4-3582-4EE0-B72E-226882C73C9C}.Release|Any CPU.Build.0 = Release|Any CPU
		{D0489D09-464A-4DF7-AE27-D16AAB33DC7A}.Debug|Any CPU.ActiveCfg = Debug|Any CPU
		{D0489D09-464A-4DF7-AE27-D16AAB33DC7A}.Debug|Any CPU.Build.0 = Debug|Any CPU
		{D0489D09-464A-4DF7-AE27-D16AAB33DC7A}.Release|Any CPU.ActiveCfg = Release|Any CPU
		{D0489D09-464A-4DF7-AE27-D16AAB33DC7A}.Release|Any CPU.Build.0 = Release|Any CPU
		{8387DF03-728A-4854-BD21-285F8713DDCF}.Debug|Any CPU.ActiveCfg = Debug|Any CPU
		{8387DF03-728A-4854-BD21-285F8713DDCF}.Debug|Any CPU.Build.0 = Debug|Any CPU
		{8387DF03-728A-4854-BD21-285F8713DDCF}.Release|Any CPU.ActiveCfg = Release|Any CPU
		{8387DF03-728A-4854-BD21-285F8713DDCF}.Release|Any CPU.Build.0 = Release|Any CPU
		{B961987F-792A-4ABE-9D2C-C7FED0774AE9}.Debug|Any CPU.ActiveCfg = Debug|Any CPU
		{B961987F-792A-4ABE-9D2C-C7FED0774AE9}.Debug|Any CPU.Build.0 = Debug|Any CPU
		{B961987F-792A-4ABE-9D2C-C7FED0774AE9}.Release|Any CPU.ActiveCfg = Release|Any CPU
		{B961987F-792A-4ABE-9D2C-C7FED0774AE9}.Release|Any CPU.Build.0 = Release|Any CPU
		{7DF167D1-E282-4294-92FF-ED1BA222FFBB}.Debug|Any CPU.ActiveCfg = Debug|Any CPU
		{7DF167D1-E282-4294-92FF-ED1BA222FFBB}.Debug|Any CPU.Build.0 = Debug|Any CPU
		{7DF167D1-E282-4294-92FF-ED1BA222FFBB}.Release|Any CPU.ActiveCfg = Release|Any CPU
		{7DF167D1-E282-4294-92FF-ED1BA222FFBB}.Release|Any CPU.Build.0 = Release|Any CPU
		{76FE996B-0B8A-42A2-9576-F2F44F58CD56}.Debug|Any CPU.ActiveCfg = Debug|Any CPU
		{76FE996B-0B8A-42A2-9576-F2F44F58CD56}.Debug|Any CPU.Build.0 = Debug|Any CPU
		{76FE996B-0B8A-42A2-9576-F2F44F58CD56}.Release|Any CPU.ActiveCfg = Release|Any CPU
		{76FE996B-0B8A-42A2-9576-F2F44F58CD56}.Release|Any CPU.Build.0 = Release|Any CPU
		{3860D42F-DC49-407C-87F9-D35067B9408C}.Debug|Any CPU.ActiveCfg = Debug|Any CPU
		{3860D42F-DC49-407C-87F9-D35067B9408C}.Debug|Any CPU.Build.0 = Debug|Any CPU
		{3860D42F-DC49-407C-87F9-D35067B9408C}.Release|Any CPU.ActiveCfg = Release|Any CPU
		{3860D42F-DC49-407C-87F9-D35067B9408C}.Release|Any CPU.Build.0 = Release|Any CPU
		{5530DE39-D2F6-46F2-B2AC-8A4E3E449003}.Debug|Any CPU.ActiveCfg = Debug|Any CPU
		{5530DE39-D2F6-46F2-B2AC-8A4E3E449003}.Debug|Any CPU.Build.0 = Debug|Any CPU
		{5530DE39-D2F6-46F2-B2AC-8A4E3E449003}.Release|Any CPU.ActiveCfg = Release|Any CPU
		{5530DE39-D2F6-46F2-B2AC-8A4E3E449003}.Release|Any CPU.Build.0 = Release|Any CPU
		{909DAB3E-44E7-4CDC-87CA-DABC8F7B0811}.Debug|Any CPU.ActiveCfg = Debug|Any CPU
		{909DAB3E-44E7-4CDC-87CA-DABC8F7B0811}.Debug|Any CPU.Build.0 = Debug|Any CPU
		{909DAB3E-44E7-4CDC-87CA-DABC8F7B0811}.Release|Any CPU.ActiveCfg = Release|Any CPU
		{909DAB3E-44E7-4CDC-87CA-DABC8F7B0811}.Release|Any CPU.Build.0 = Release|Any CPU
		{37A5DC63-875A-4E7E-9641-1A02A293FB0F}.Debug|Any CPU.ActiveCfg = Debug|Any CPU
		{37A5DC63-875A-4E7E-9641-1A02A293FB0F}.Debug|Any CPU.Build.0 = Debug|Any CPU
		{37A5DC63-875A-4E7E-9641-1A02A293FB0F}.Release|Any CPU.ActiveCfg = Release|Any CPU
		{37A5DC63-875A-4E7E-9641-1A02A293FB0F}.Release|Any CPU.Build.0 = Release|Any CPU
		{5D195875-B13E-4B5B-A1F9-80DAC04CFF37}.Debug|Any CPU.ActiveCfg = Debug|Any CPU
		{5D195875-B13E-4B5B-A1F9-80DAC04CFF37}.Debug|Any CPU.Build.0 = Debug|Any CPU
		{5D195875-B13E-4B5B-A1F9-80DAC04CFF37}.Release|Any CPU.ActiveCfg = Release|Any CPU
		{5D195875-B13E-4B5B-A1F9-80DAC04CFF37}.Release|Any CPU.Build.0 = Release|Any CPU
		{A24C56DF-0AC9-4D35-B544-FE87E69870E0}.Debug|Any CPU.ActiveCfg = Debug|Any CPU
		{A24C56DF-0AC9-4D35-B544-FE87E69870E0}.Debug|Any CPU.Build.0 = Debug|Any CPU
		{A24C56DF-0AC9-4D35-B544-FE87E69870E0}.Release|Any CPU.ActiveCfg = Release|Any CPU
		{A24C56DF-0AC9-4D35-B544-FE87E69870E0}.Release|Any CPU.Build.0 = Release|Any CPU
		{4B91FCC6-9550-4D0B-809F-0A790EA602F4}.Debug|Any CPU.ActiveCfg = Debug|Any CPU
		{4B91FCC6-9550-4D0B-809F-0A790EA602F4}.Debug|Any CPU.Build.0 = Debug|Any CPU
		{4B91FCC6-9550-4D0B-809F-0A790EA602F4}.Release|Any CPU.ActiveCfg = Release|Any CPU
		{4B91FCC6-9550-4D0B-809F-0A790EA602F4}.Release|Any CPU.Build.0 = Release|Any CPU
		{E30D2BF8-EF4B-4271-B5C7-49B053172699}.Debug|Any CPU.ActiveCfg = Debug|Any CPU
		{E30D2BF8-EF4B-4271-B5C7-49B053172699}.Debug|Any CPU.Build.0 = Debug|Any CPU
		{E30D2BF8-EF4B-4271-B5C7-49B053172699}.Release|Any CPU.ActiveCfg = Release|Any CPU
		{E30D2BF8-EF4B-4271-B5C7-49B053172699}.Release|Any CPU.Build.0 = Release|Any CPU
		{D821CB55-67FC-4ACC-B0B9-D5905F51E5B9}.Debug|Any CPU.ActiveCfg = Debug|Any CPU
		{D821CB55-67FC-4ACC-B0B9-D5905F51E5B9}.Debug|Any CPU.Build.0 = Debug|Any CPU
		{D821CB55-67FC-4ACC-B0B9-D5905F51E5B9}.Release|Any CPU.ActiveCfg = Release|Any CPU
		{D821CB55-67FC-4ACC-B0B9-D5905F51E5B9}.Release|Any CPU.Build.0 = Release|Any CPU
		{E844DCE6-CEE3-466E-A60F-3049159E8CD0}.Debug|Any CPU.ActiveCfg = Debug|Any CPU
		{E844DCE6-CEE3-466E-A60F-3049159E8CD0}.Debug|Any CPU.Build.0 = Debug|Any CPU
		{E844DCE6-CEE3-466E-A60F-3049159E8CD0}.Release|Any CPU.ActiveCfg = Release|Any CPU
		{E844DCE6-CEE3-466E-A60F-3049159E8CD0}.Release|Any CPU.Build.0 = Release|Any CPU
		{90B285E4-D2B5-4377-BE73-3EA33FD73405}.Debug|Any CPU.ActiveCfg = Debug|Any CPU
		{90B285E4-D2B5-4377-BE73-3EA33FD73405}.Debug|Any CPU.Build.0 = Debug|Any CPU
		{90B285E4-D2B5-4377-BE73-3EA33FD73405}.Release|Any CPU.ActiveCfg = Release|Any CPU
		{90B285E4-D2B5-4377-BE73-3EA33FD73405}.Release|Any CPU.Build.0 = Release|Any CPU
		{C295E00C-4499-4058-A617-83293E3E6E6A}.Debug|Any CPU.ActiveCfg = Debug|Any CPU
		{C295E00C-4499-4058-A617-83293E3E6E6A}.Debug|Any CPU.Build.0 = Debug|Any CPU
		{C295E00C-4499-4058-A617-83293E3E6E6A}.Release|Any CPU.ActiveCfg = Release|Any CPU
		{C295E00C-4499-4058-A617-83293E3E6E6A}.Release|Any CPU.Build.0 = Release|Any CPU
	EndGlobalSection
	GlobalSection(SolutionProperties) = preSolution
		HideSolutionNode = FALSE
	EndGlobalSection
	GlobalSection(NestedProjects) = preSolution
		{D1E1DEFA-70F9-4623-80E0-B57B2AA8003E} = {50565A54-C4AB-4AAF-8614-7E59F57915F0}
		{B295D7BD-242E-4C5D-97B7-E40524EC5031} = {50565A54-C4AB-4AAF-8614-7E59F57915F0}
		{C8F4488C-8AC0-4C0A-8D93-DC9BD8304740} = {50565A54-C4AB-4AAF-8614-7E59F57915F0}
		{72F24F74-FDCE-46F9-8696-D8E28C08DD48} = {D7F9AC70-2E65-4471-AA80-B3DE7E1A88F3}
		{78432F65-1EE6-4C77-9A60-BD1000EB6022} = {D7F9AC70-2E65-4471-AA80-B3DE7E1A88F3}
		{3FAC9110-9C6B-4F5A-9396-DD674DA92699} = {D7F9AC70-2E65-4471-AA80-B3DE7E1A88F3}
		{66C859B4-3582-4EE0-B72E-226882C73C9C} = {03FC5E01-161F-4ABD-BEC0-AC342E69D670}
		{D0489D09-464A-4DF7-AE27-D16AAB33DC7A} = {03FC5E01-161F-4ABD-BEC0-AC342E69D670}
		{8387DF03-728A-4854-BD21-285F8713DDCF} = {03FC5E01-161F-4ABD-BEC0-AC342E69D670}
		{B961987F-792A-4ABE-9D2C-C7FED0774AE9} = {A4C252DD-5635-4386-BD9D-08E888622D81}
		{7DF167D1-E282-4294-92FF-ED1BA222FFBB} = {A4C252DD-5635-4386-BD9D-08E888622D81}
		{76FE996B-0B8A-42A2-9576-F2F44F58CD56} = {A4C252DD-5635-4386-BD9D-08E888622D81}
		{3860D42F-DC49-407C-87F9-D35067B9408C} = {B76F441D-32E6-4E2F-A4E9-AEFD32483BA7}
		{5530DE39-D2F6-46F2-B2AC-8A4E3E449003} = {B76F441D-32E6-4E2F-A4E9-AEFD32483BA7}
		{909DAB3E-44E7-4CDC-87CA-DABC8F7B0811} = {B76F441D-32E6-4E2F-A4E9-AEFD32483BA7}
		{37A5DC63-875A-4E7E-9641-1A02A293FB0F} = {D2DFFDC4-89B9-4FBE-A24D-046317B806B6}
		{5D195875-B13E-4B5B-A1F9-80DAC04CFF37} = {D2DFFDC4-89B9-4FBE-A24D-046317B806B6}
		{A24C56DF-0AC9-4D35-B544-FE87E69870E0} = {D2DFFDC4-89B9-4FBE-A24D-046317B806B6}
		{4B91FCC6-9550-4D0B-809F-0A790EA602F4} = {595836A3-276B-4788-B92A-EEA10707649B}
		{E30D2BF8-EF4B-4271-B5C7-49B053172699} = {595836A3-276B-4788-B92A-EEA10707649B}
		{D821CB55-67FC-4ACC-B0B9-D5905F51E5B9} = {595836A3-276B-4788-B92A-EEA10707649B}
		{E844DCE6-CEE3-466E-A60F-3049159E8CD0} = {3FA81C27-87EB-4652-B233-DE3B419DF840}
		{90B285E4-D2B5-4377-BE73-3EA33FD73405} = {3FA81C27-87EB-4652-B233-DE3B419DF840}
		{C295E00C-4499-4058-A617-83293E3E6E6A} = {3FA81C27-87EB-4652-B233-DE3B419DF840}
	EndGlobalSection
	GlobalSection(ExtensibilityGlobals) = postSolution
		SolutionGuid = {A125182A-60B6-40B5-B695-0ADD08AD3F41}
	EndGlobalSection
EndGlobal
